// !$*UTF8*$!
{
	archiveVersion = 1;
	classes = {
	};
	objectVersion = 55;
	objects = {

/* Begin PBXBuildFile section */
		CC4CD055283B694800A9B205 /* LinkView.swift in Sources */ = {isa = PBXBuildFile; fileRef = CC4CD054283B694800A9B205 /* LinkView.swift */; };
		CC76D57A2838D08A007F6D08 /* StringToDateFormatter.swift in Sources */ = {isa = PBXBuildFile; fileRef = CC76D5792838D08A007F6D08 /* StringToDateFormatter.swift */; };
		CC76D57C2838F6C1007F6D08 /* AppStorage.swift in Sources */ = {isa = PBXBuildFile; fileRef = CC76D57B2838F6C1007F6D08 /* AppStorage.swift */; };
		CC76D57F283907E4007F6D08 /* LauncheItem.swift in Sources */ = {isa = PBXBuildFile; fileRef = CC76D57E283907E4007F6D08 /* LauncheItem.swift */; };
		CC76D581283915CD007F6D08 /* LaunchDetailsView.swift in Sources */ = {isa = PBXBuildFile; fileRef = CC76D580283915CD007F6D08 /* LaunchDetailsView.swift */; };
		CC99E8F22836D849007D3171 /* SpaceXInfoApp.swift in Sources */ = {isa = PBXBuildFile; fileRef = CC99E8F12836D849007D3171 /* SpaceXInfoApp.swift */; };
		CC99E8F42836D849007D3171 /* ContentView.swift in Sources */ = {isa = PBXBuildFile; fileRef = CC99E8F32836D849007D3171 /* ContentView.swift */; };
		CC99E8F62836D84A007D3171 /* Assets.xcassets in Resources */ = {isa = PBXBuildFile; fileRef = CC99E8F52836D84A007D3171 /* Assets.xcassets */; };
		CC99E8F92836D84A007D3171 /* Preview Assets.xcassets in Resources */ = {isa = PBXBuildFile; fileRef = CC99E8F82836D84A007D3171 /* Preview Assets.xcassets */; };
		CC99E92E2836DA65007D3171 /* Alamofire in Frameworks */ = {isa = PBXBuildFile; productRef = CC99E92D2836DA65007D3171 /* Alamofire */; };
		CC99E9492836DBB7007D3171 /* Failure.swift in Sources */ = {isa = PBXBuildFile; fileRef = CC99E9412836DBB6007D3171 /* Failure.swift */; };
		CC99E94A2836DBB7007D3171 /* Patch.swift in Sources */ = {isa = PBXBuildFile; fileRef = CC99E9422836DBB6007D3171 /* Patch.swift */; };
		CC99E94B2836DBB7007D3171 /* Launch.swift in Sources */ = {isa = PBXBuildFile; fileRef = CC99E9432836DBB6007D3171 /* Launch.swift */; };
		CC99E94C2836DBB7007D3171 /* Reddit.swift in Sources */ = {isa = PBXBuildFile; fileRef = CC99E9442836DBB6007D3171 /* Reddit.swift */; };
		CC99E94D2836DBB7007D3171 /* Core.swift in Sources */ = {isa = PBXBuildFile; fileRef = CC99E9452836DBB6007D3171 /* Core.swift */; };
		CC99E94E2836DBB7007D3171 /* Links.swift in Sources */ = {isa = PBXBuildFile; fileRef = CC99E9462836DBB7007D3171 /* Links.swift */; };
		CC99E94F2836DBB7007D3171 /* Fairing.swift in Sources */ = {isa = PBXBuildFile; fileRef = CC99E9472836DBB7007D3171 /* Fairing.swift */; };
		CC99E9502836DBB7007D3171 /* Flickr.swift in Sources */ = {isa = PBXBuildFile; fileRef = CC99E9482836DBB7007D3171 /* Flickr.swift */; };
/* End PBXBuildFile section */

/* Begin PBXContainerItemProxy section */
		CC99E8FF2836D84A007D3171 /* PBXContainerItemProxy */ = {
			isa = PBXContainerItemProxy;
			containerPortal = CC99E8E62836D849007D3171 /* Project object */;
			proxyType = 1;
			remoteGlobalIDString = CC99E8ED2836D849007D3171;
			remoteInfo = SpaceXInfo;
		};
		CC99E9092836D84A007D3171 /* PBXContainerItemProxy */ = {
			isa = PBXContainerItemProxy;
			containerPortal = CC99E8E62836D849007D3171 /* Project object */;
			proxyType = 1;
			remoteGlobalIDString = CC99E8ED2836D849007D3171;
			remoteInfo = SpaceXInfo;
		};
/* End PBXContainerItemProxy section */

/* Begin PBXFileReference section */
		CC4CD054283B694800A9B205 /* LinkView.swift */ = {isa = PBXFileReference; lastKnownFileType = sourcecode.swift; path = LinkView.swift; sourceTree = "<group>"; };
		CC76D5792838D08A007F6D08 /* StringToDateFormatter.swift */ = {isa = PBXFileReference; lastKnownFileType = sourcecode.swift; path = StringToDateFormatter.swift; sourceTree = "<group>"; };
		CC76D57B2838F6C1007F6D08 /* AppStorage.swift */ = {isa = PBXFileReference; lastKnownFileType = sourcecode.swift; path = AppStorage.swift; sourceTree = "<group>"; };
		CC76D57E283907E4007F6D08 /* LauncheItem.swift */ = {isa = PBXFileReference; lastKnownFileType = sourcecode.swift; path = LauncheItem.swift; sourceTree = "<group>"; };
		CC76D580283915CD007F6D08 /* LaunchDetailsView.swift */ = {isa = PBXFileReference; lastKnownFileType = sourcecode.swift; path = LaunchDetailsView.swift; sourceTree = "<group>"; };
		CC99E8EE2836D849007D3171 /* SpaceXInfo.app */ = {isa = PBXFileReference; explicitFileType = wrapper.application; includeInIndex = 0; path = SpaceXInfo.app; sourceTree = BUILT_PRODUCTS_DIR; };
		CC99E8F12836D849007D3171 /* SpaceXInfoApp.swift */ = {isa = PBXFileReference; lastKnownFileType = sourcecode.swift; path = SpaceXInfoApp.swift; sourceTree = "<group>"; };
		CC99E8F32836D849007D3171 /* ContentView.swift */ = {isa = PBXFileReference; lastKnownFileType = sourcecode.swift; path = ContentView.swift; sourceTree = "<group>"; };
		CC99E8F52836D84A007D3171 /* Assets.xcassets */ = {isa = PBXFileReference; lastKnownFileType = folder.assetcatalog; path = Assets.xcassets; sourceTree = "<group>"; };
		CC99E8F82836D84A007D3171 /* Preview Assets.xcassets */ = {isa = PBXFileReference; lastKnownFileType = folder.assetcatalog; path = "Preview Assets.xcassets"; sourceTree = "<group>"; };
		CC99E8FE2836D84A007D3171 /* SpaceXInfoTests.xctest */ = {isa = PBXFileReference; explicitFileType = wrapper.cfbundle; includeInIndex = 0; path = SpaceXInfoTests.xctest; sourceTree = BUILT_PRODUCTS_DIR; };
		CC99E9082836D84A007D3171 /* SpaceXInfoUITests.xctest */ = {isa = PBXFileReference; explicitFileType = wrapper.cfbundle; includeInIndex = 0; path = SpaceXInfoUITests.xctest; sourceTree = BUILT_PRODUCTS_DIR; };
		CC99E9412836DBB6007D3171 /* Failure.swift */ = {isa = PBXFileReference; fileEncoding = 4; lastKnownFileType = sourcecode.swift; path = Failure.swift; sourceTree = "<group>"; };
		CC99E9422836DBB6007D3171 /* Patch.swift */ = {isa = PBXFileReference; fileEncoding = 4; lastKnownFileType = sourcecode.swift; path = Patch.swift; sourceTree = "<group>"; };
		CC99E9432836DBB6007D3171 /* Launch.swift */ = {isa = PBXFileReference; fileEncoding = 4; lastKnownFileType = sourcecode.swift; path = Launch.swift; sourceTree = "<group>"; };
		CC99E9442836DBB6007D3171 /* Reddit.swift */ = {isa = PBXFileReference; fileEncoding = 4; lastKnownFileType = sourcecode.swift; path = Reddit.swift; sourceTree = "<group>"; };
		CC99E9452836DBB6007D3171 /* Core.swift */ = {isa = PBXFileReference; fileEncoding = 4; lastKnownFileType = sourcecode.swift; path = Core.swift; sourceTree = "<group>"; };
		CC99E9462836DBB7007D3171 /* Links.swift */ = {isa = PBXFileReference; fileEncoding = 4; lastKnownFileType = sourcecode.swift; path = Links.swift; sourceTree = "<group>"; };
		CC99E9472836DBB7007D3171 /* Fairing.swift */ = {isa = PBXFileReference; fileEncoding = 4; lastKnownFileType = sourcecode.swift; path = Fairing.swift; sourceTree = "<group>"; };
		CC99E9482836DBB7007D3171 /* Flickr.swift */ = {isa = PBXFileReference; fileEncoding = 4; lastKnownFileType = sourcecode.swift; path = Flickr.swift; sourceTree = "<group>"; };
/* End PBXFileReference section */

/* Begin PBXFrameworksBuildPhase section */
		CC99E8EB2836D849007D3171 /* Frameworks */ = {
			isa = PBXFrameworksBuildPhase;
			buildActionMask = 2147483647;
			files = (
				CC99E92E2836DA65007D3171 /* Alamofire in Frameworks */,
			);
			runOnlyForDeploymentPostprocessing = 0;
		};
		CC99E8FB2836D84A007D3171 /* Frameworks */ = {
			isa = PBXFrameworksBuildPhase;
			buildActionMask = 2147483647;
			files = (
			);
			runOnlyForDeploymentPostprocessing = 0;
		};
		CC99E9052836D84A007D3171 /* Frameworks */ = {
			isa = PBXFrameworksBuildPhase;
			buildActionMask = 2147483647;
			files = (
			);
			runOnlyForDeploymentPostprocessing = 0;
		};
/* End PBXFrameworksBuildPhase section */

/* Begin PBXGroup section */
		CC76D5782838D07C007F6D08 /* Utilities */ = {
			isa = PBXGroup;
			children = (
				CC76D5792838D08A007F6D08 /* StringToDateFormatter.swift */,
			);
			path = Utilities;
			sourceTree = "<group>";
		};
		CC76D57D283907BE007F6D08 /* Views */ = {
			isa = PBXGroup;
			children = (
				CC99E8F32836D849007D3171 /* ContentView.swift */,
				CC76D57E283907E4007F6D08 /* LauncheItem.swift */,
				CC76D580283915CD007F6D08 /* LaunchDetailsView.swift */,
				CC4CD054283B694800A9B205 /* LinkView.swift */,
			);
			path = Views;
			sourceTree = "<group>";
		};
		CC99E8E52836D849007D3171 = {
			isa = PBXGroup;
			children = (
				CC99E8F02836D849007D3171 /* SpaceXInfo */,
				CC99E8EF2836D849007D3171 /* Products */,
			);
			sourceTree = "<group>";
		};
		CC99E8EF2836D849007D3171 /* Products */ = {
			isa = PBXGroup;
			children = (
				CC99E8EE2836D849007D3171 /* SpaceXInfo.app */,
				CC99E8FE2836D84A007D3171 /* SpaceXInfoTests.xctest */,
				CC99E9082836D84A007D3171 /* SpaceXInfoUITests.xctest */,
			);
			name = Products;
			sourceTree = "<group>";
		};
		CC99E8F02836D849007D3171 /* SpaceXInfo */ = {
			isa = PBXGroup;
			children = (
				CCF6EFDF283A2B0500BC8F11 /* ViewModels */,
				CC76D57D283907BE007F6D08 /* Views */,
				CC76D5782838D07C007F6D08 /* Utilities */,
				CC99E9402836DB94007D3171 /* Model */,
				CC99E8F12836D849007D3171 /* SpaceXInfoApp.swift */,
				CC76D57B2838F6C1007F6D08 /* AppStorage.swift */,
				CC99E8F52836D84A007D3171 /* Assets.xcassets */,
				CC99E8F72836D84A007D3171 /* Preview Content */,
			);
			path = SpaceXInfo;
			sourceTree = "<group>";
		};
		CC99E8F72836D84A007D3171 /* Preview Content */ = {
			isa = PBXGroup;
			children = (
				CC99E8F82836D84A007D3171 /* Preview Assets.xcassets */,
			);
			path = "Preview Content";
			sourceTree = "<group>";
		};
		CC99E9402836DB94007D3171 /* Model */ = {
			isa = PBXGroup;
			children = (
				CC99E9452836DBB6007D3171 /* Core.swift */,
				CC99E9412836DBB6007D3171 /* Failure.swift */,
				CC99E9472836DBB7007D3171 /* Fairing.swift */,
				CC99E9482836DBB7007D3171 /* Flickr.swift */,
				CC99E9432836DBB6007D3171 /* Launch.swift */,
				CC99E9462836DBB7007D3171 /* Links.swift */,
				CC99E9422836DBB6007D3171 /* Patch.swift */,
				CC99E9442836DBB6007D3171 /* Reddit.swift */,
			);
			path = Model;
			sourceTree = "<group>";
		};
		CCF6EFDF283A2B0500BC8F11 /* ViewModels */ = {
			isa = PBXGroup;
			children = (
			);
			path = ViewModels;
			sourceTree = "<group>";
		};
/* End PBXGroup section */

/* Begin PBXNativeTarget section */
		CC99E8ED2836D849007D3171 /* SpaceXInfo */ = {
			isa = PBXNativeTarget;
			buildConfigurationList = CC99E9122836D84A007D3171 /* Build configuration list for PBXNativeTarget "SpaceXInfo" */;
			buildPhases = (
				CC99E8EA2836D849007D3171 /* Sources */,
				CC99E8EB2836D849007D3171 /* Frameworks */,
				CC99E8EC2836D849007D3171 /* Resources */,
			);
			buildRules = (
			);
			dependencies = (
			);
			name = SpaceXInfo;
			packageProductDependencies = (
				CC99E92D2836DA65007D3171 /* Alamofire */,
			);
			productName = SpaceXInfo;
			productReference = CC99E8EE2836D849007D3171 /* SpaceXInfo.app */;
			productType = "com.apple.product-type.application";
		};
		CC99E8FD2836D84A007D3171 /* SpaceXInfoTests */ = {
			isa = PBXNativeTarget;
			buildConfigurationList = CC99E9152836D84A007D3171 /* Build configuration list for PBXNativeTarget "SpaceXInfoTests" */;
			buildPhases = (
				CC99E8FA2836D84A007D3171 /* Sources */,
				CC99E8FB2836D84A007D3171 /* Frameworks */,
				CC99E8FC2836D84A007D3171 /* Resources */,
			);
			buildRules = (
			);
			dependencies = (
				CC99E9002836D84A007D3171 /* PBXTargetDependency */,
			);
			name = SpaceXInfoTests;
			productName = SpaceXInfoTests;
			productReference = CC99E8FE2836D84A007D3171 /* SpaceXInfoTests.xctest */;
			productType = "com.apple.product-type.bundle.unit-test";
		};
		CC99E9072836D84A007D3171 /* SpaceXInfoUITests */ = {
			isa = PBXNativeTarget;
			buildConfigurationList = CC99E9182836D84A007D3171 /* Build configuration list for PBXNativeTarget "SpaceXInfoUITests" */;
			buildPhases = (
				CC99E9042836D84A007D3171 /* Sources */,
				CC99E9052836D84A007D3171 /* Frameworks */,
				CC99E9062836D84A007D3171 /* Resources */,
			);
			buildRules = (
			);
			dependencies = (
				CC99E90A2836D84A007D3171 /* PBXTargetDependency */,
			);
			name = SpaceXInfoUITests;
			productName = SpaceXInfoUITests;
			productReference = CC99E9082836D84A007D3171 /* SpaceXInfoUITests.xctest */;
			productType = "com.apple.product-type.bundle.ui-testing";
		};
/* End PBXNativeTarget section */

/* Begin PBXProject section */
		CC99E8E62836D849007D3171 /* Project object */ = {
			isa = PBXProject;
			attributes = {
				BuildIndependentTargetsInParallel = 1;
				LastSwiftUpdateCheck = 1340;
				LastUpgradeCheck = 1340;
				TargetAttributes = {
					CC99E8ED2836D849007D3171 = {
						CreatedOnToolsVersion = 13.4;
					};
					CC99E8FD2836D84A007D3171 = {
						CreatedOnToolsVersion = 13.4;
						TestTargetID = CC99E8ED2836D849007D3171;
					};
					CC99E9072836D84A007D3171 = {
						CreatedOnToolsVersion = 13.4;
						TestTargetID = CC99E8ED2836D849007D3171;
					};
				};
			};
			buildConfigurationList = CC99E8E92836D849007D3171 /* Build configuration list for PBXProject "SpaceXInfo" */;
			compatibilityVersion = "Xcode 13.0";
			developmentRegion = en;
			hasScannedForEncodings = 0;
			knownRegions = (
				en,
				Base,
			);
			mainGroup = CC99E8E52836D849007D3171;
			packageReferences = (
				CC99E92C2836DA65007D3171 /* XCRemoteSwiftPackageReference "Alamofire" */,
			);
			productRefGroup = CC99E8EF2836D849007D3171 /* Products */;
			projectDirPath = "";
			projectRoot = "";
			targets = (
				CC99E8ED2836D849007D3171 /* SpaceXInfo */,
				CC99E8FD2836D84A007D3171 /* SpaceXInfoTests */,
				CC99E9072836D84A007D3171 /* SpaceXInfoUITests */,
			);
		};
/* End PBXProject section */

/* Begin PBXResourcesBuildPhase section */
		CC99E8EC2836D849007D3171 /* Resources */ = {
			isa = PBXResourcesBuildPhase;
			buildActionMask = 2147483647;
			files = (
				CC99E8F92836D84A007D3171 /* Preview Assets.xcassets in Resources */,
				CC99E8F62836D84A007D3171 /* Assets.xcassets in Resources */,
			);
			runOnlyForDeploymentPostprocessing = 0;
		};
		CC99E8FC2836D84A007D3171 /* Resources */ = {
			isa = PBXResourcesBuildPhase;
			buildActionMask = 2147483647;
			files = (
			);
			runOnlyForDeploymentPostprocessing = 0;
		};
		CC99E9062836D84A007D3171 /* Resources */ = {
			isa = PBXResourcesBuildPhase;
			buildActionMask = 2147483647;
			files = (
			);
			runOnlyForDeploymentPostprocessing = 0;
		};
/* End PBXResourcesBuildPhase section */

/* Begin PBXSourcesBuildPhase section */
		CC99E8EA2836D849007D3171 /* Sources */ = {
			isa = PBXSourcesBuildPhase;
			buildActionMask = 2147483647;
			files = (
				CC99E8F42836D849007D3171 /* ContentView.swift in Sources */,
				CC99E94C2836DBB7007D3171 /* Reddit.swift in Sources */,
				CC99E9502836DBB7007D3171 /* Flickr.swift in Sources */,
				CC99E9492836DBB7007D3171 /* Failure.swift in Sources */,
				CC4CD055283B694800A9B205 /* LinkView.swift in Sources */,
				CC76D57F283907E4007F6D08 /* LauncheItem.swift in Sources */,
				CC99E94D2836DBB7007D3171 /* Core.swift in Sources */,
				CC99E94A2836DBB7007D3171 /* Patch.swift in Sources */,
				CC99E94F2836DBB7007D3171 /* Fairing.swift in Sources */,
				CC99E94B2836DBB7007D3171 /* Launch.swift in Sources */,
				CC99E8F22836D849007D3171 /* SpaceXInfoApp.swift in Sources */,
				CC76D57C2838F6C1007F6D08 /* AppStorage.swift in Sources */,
				CC76D581283915CD007F6D08 /* LaunchDetailsView.swift in Sources */,
				CC76D57A2838D08A007F6D08 /* StringToDateFormatter.swift in Sources */,
				CC99E94E2836DBB7007D3171 /* Links.swift in Sources */,
			);
			runOnlyForDeploymentPostprocessing = 0;
		};
		CC99E8FA2836D84A007D3171 /* Sources */ = {
			isa = PBXSourcesBuildPhase;
			buildActionMask = 2147483647;
			files = (
			);
			runOnlyForDeploymentPostprocessing = 0;
		};
		CC99E9042836D84A007D3171 /* Sources */ = {
			isa = PBXSourcesBuildPhase;
			buildActionMask = 2147483647;
			files = (
			);
			runOnlyForDeploymentPostprocessing = 0;
		};
/* End PBXSourcesBuildPhase section */

/* Begin PBXTargetDependency section */
		CC99E9002836D84A007D3171 /* PBXTargetDependency */ = {
			isa = PBXTargetDependency;
			target = CC99E8ED2836D849007D3171 /* SpaceXInfo */;
			targetProxy = CC99E8FF2836D84A007D3171 /* PBXContainerItemProxy */;
		};
		CC99E90A2836D84A007D3171 /* PBXTargetDependency */ = {
			isa = PBXTargetDependency;
			target = CC99E8ED2836D849007D3171 /* SpaceXInfo */;
			targetProxy = CC99E9092836D84A007D3171 /* PBXContainerItemProxy */;
		};
/* End PBXTargetDependency section */

/* Begin XCBuildConfiguration section */
		CC99E9102836D84A007D3171 /* Debug */ = {
			isa = XCBuildConfiguration;
			buildSettings = {
				ALWAYS_SEARCH_USER_PATHS = NO;
				CLANG_ANALYZER_NONNULL = YES;
				CLANG_ANALYZER_NUMBER_OBJECT_CONVERSION = YES_AGGRESSIVE;
				CLANG_CXX_LANGUAGE_STANDARD = "gnu++17";
				CLANG_ENABLE_MODULES = YES;
				CLANG_ENABLE_OBJC_ARC = YES;
				CLANG_ENABLE_OBJC_WEAK = YES;
				CLANG_WARN_BLOCK_CAPTURE_AUTORELEASING = YES;
				CLANG_WARN_BOOL_CONVERSION = YES;
				CLANG_WARN_COMMA = YES;
				CLANG_WARN_CONSTANT_CONVERSION = YES;
				CLANG_WARN_DEPRECATED_OBJC_IMPLEMENTATIONS = YES;
				CLANG_WARN_DIRECT_OBJC_ISA_USAGE = YES_ERROR;
				CLANG_WARN_DOCUMENTATION_COMMENTS = YES;
				CLANG_WARN_EMPTY_BODY = YES;
				CLANG_WARN_ENUM_CONVERSION = YES;
				CLANG_WARN_INFINITE_RECURSION = YES;
				CLANG_WARN_INT_CONVERSION = YES;
				CLANG_WARN_NON_LITERAL_NULL_CONVERSION = YES;
				CLANG_WARN_OBJC_IMPLICIT_RETAIN_SELF = YES;
				CLANG_WARN_OBJC_LITERAL_CONVERSION = YES;
				CLANG_WARN_OBJC_ROOT_CLASS = YES_ERROR;
				CLANG_WARN_QUOTED_INCLUDE_IN_FRAMEWORK_HEADER = YES;
				CLANG_WARN_RANGE_LOOP_ANALYSIS = YES;
				CLANG_WARN_STRICT_PROTOTYPES = YES;
				CLANG_WARN_SUSPICIOUS_MOVE = YES;
				CLANG_WARN_UNGUARDED_AVAILABILITY = YES_AGGRESSIVE;
				CLANG_WARN_UNREACHABLE_CODE = YES;
				CLANG_WARN__DUPLICATE_METHOD_MATCH = YES;
				COPY_PHASE_STRIP = NO;
				DEBUG_INFORMATION_FORMAT = dwarf;
				ENABLE_STRICT_OBJC_MSGSEND = YES;
				ENABLE_TESTABILITY = YES;
				GCC_C_LANGUAGE_STANDARD = gnu11;
				GCC_DYNAMIC_NO_PIC = NO;
				GCC_NO_COMMON_BLOCKS = YES;
				GCC_OPTIMIZATION_LEVEL = 0;
				GCC_PREPROCESSOR_DEFINITIONS = (
					"DEBUG=1",
					"$(inherited)",
				);
				GCC_WARN_64_TO_32_BIT_CONVERSION = YES;
				GCC_WARN_ABOUT_RETURN_TYPE = YES_ERROR;
				GCC_WARN_UNDECLARED_SELECTOR = YES;
				GCC_WARN_UNINITIALIZED_AUTOS = YES_AGGRESSIVE;
				GCC_WARN_UNUSED_FUNCTION = YES;
				GCC_WARN_UNUSED_VARIABLE = YES;
				IPHONEOS_DEPLOYMENT_TARGET = 15.5;
				MTL_ENABLE_DEBUG_INFO = INCLUDE_SOURCE;
				MTL_FAST_MATH = YES;
				ONLY_ACTIVE_ARCH = YES;
				SDKROOT = iphoneos;
				SWIFT_ACTIVE_COMPILATION_CONDITIONS = DEBUG;
				SWIFT_OPTIMIZATION_LEVEL = "-Onone";
			};
			name = Debug;
		};
		CC99E9112836D84A007D3171 /* Release */ = {
			isa = XCBuildConfiguration;
			buildSettings = {
				ALWAYS_SEARCH_USER_PATHS = NO;
				CLANG_ANALYZER_NONNULL = YES;
				CLANG_ANALYZER_NUMBER_OBJECT_CONVERSION = YES_AGGRESSIVE;
				CLANG_CXX_LANGUAGE_STANDARD = "gnu++17";
				CLANG_ENABLE_MODULES = YES;
				CLANG_ENABLE_OBJC_ARC = YES;
				CLANG_ENABLE_OBJC_WEAK = YES;
				CLANG_WARN_BLOCK_CAPTURE_AUTORELEASING = YES;
				CLANG_WARN_BOOL_CONVERSION = YES;
				CLANG_WARN_COMMA = YES;
				CLANG_WARN_CONSTANT_CONVERSION = YES;
				CLANG_WARN_DEPRECATED_OBJC_IMPLEMENTATIONS = YES;
				CLANG_WARN_DIRECT_OBJC_ISA_USAGE = YES_ERROR;
				CLANG_WARN_DOCUMENTATION_COMMENTS = YES;
				CLANG_WARN_EMPTY_BODY = YES;
				CLANG_WARN_ENUM_CONVERSION = YES;
				CLANG_WARN_INFINITE_RECURSION = YES;
				CLANG_WARN_INT_CONVERSION = YES;
				CLANG_WARN_NON_LITERAL_NULL_CONVERSION = YES;
				CLANG_WARN_OBJC_IMPLICIT_RETAIN_SELF = YES;
				CLANG_WARN_OBJC_LITERAL_CONVERSION = YES;
				CLANG_WARN_OBJC_ROOT_CLASS = YES_ERROR;
				CLANG_WARN_QUOTED_INCLUDE_IN_FRAMEWORK_HEADER = YES;
				CLANG_WARN_RANGE_LOOP_ANALYSIS = YES;
				CLANG_WARN_STRICT_PROTOTYPES = YES;
				CLANG_WARN_SUSPICIOUS_MOVE = YES;
				CLANG_WARN_UNGUARDED_AVAILABILITY = YES_AGGRESSIVE;
				CLANG_WARN_UNREACHABLE_CODE = YES;
				CLANG_WARN__DUPLICATE_METHOD_MATCH = YES;
				COPY_PHASE_STRIP = NO;
				DEBUG_INFORMATION_FORMAT = "dwarf-with-dsym";
				ENABLE_NS_ASSERTIONS = NO;
				ENABLE_STRICT_OBJC_MSGSEND = YES;
				GCC_C_LANGUAGE_STANDARD = gnu11;
				GCC_NO_COMMON_BLOCKS = YES;
				GCC_WARN_64_TO_32_BIT_CONVERSION = YES;
				GCC_WARN_ABOUT_RETURN_TYPE = YES_ERROR;
				GCC_WARN_UNDECLARED_SELECTOR = YES;
				GCC_WARN_UNINITIALIZED_AUTOS = YES_AGGRESSIVE;
				GCC_WARN_UNUSED_FUNCTION = YES;
				GCC_WARN_UNUSED_VARIABLE = YES;
				IPHONEOS_DEPLOYMENT_TARGET = 15.5;
				MTL_ENABLE_DEBUG_INFO = NO;
				MTL_FAST_MATH = YES;
				SDKROOT = iphoneos;
				SWIFT_COMPILATION_MODE = wholemodule;
				SWIFT_OPTIMIZATION_LEVEL = "-O";
				VALIDATE_PRODUCT = YES;
			};
			name = Release;
		};
		CC99E9132836D84A007D3171 /* Debug */ = {
			isa = XCBuildConfiguration;
			buildSettings = {
				ASSETCATALOG_COMPILER_APPICON_NAME = AppIcon;
				ASSETCATALOG_COMPILER_GLOBAL_ACCENT_COLOR_NAME = AccentColor;
				CODE_SIGN_STYLE = Automatic;
				CURRENT_PROJECT_VERSION = 1;
				DEVELOPMENT_ASSET_PATHS = "\"SpaceXInfo/Preview Content\"";
				DEVELOPMENT_TEAM = YUZLMRGGBB;
				ENABLE_PREVIEWS = YES;
				GENERATE_INFOPLIST_FILE = YES;
				INFOPLIST_KEY_UIApplicationSceneManifest_Generation = YES;
				INFOPLIST_KEY_UIApplicationSupportsIndirectInputEvents = YES;
				INFOPLIST_KEY_UILaunchScreen_Generation = YES;
				INFOPLIST_KEY_UISupportedInterfaceOrientations_iPad = "UIInterfaceOrientationPortrait UIInterfaceOrientationPortraitUpsideDown UIInterfaceOrientationLandscapeLeft UIInterfaceOrientationLandscapeRight";
				INFOPLIST_KEY_UISupportedInterfaceOrientations_iPhone = "UIInterfaceOrientationPortrait UIInterfaceOrientationLandscapeLeft UIInterfaceOrientationLandscapeRight";
				IPHONEOS_DEPLOYMENT_TARGET = 15.0;
				LD_RUNPATH_SEARCH_PATHS = (
					"$(inherited)",
					"@executable_path/Frameworks",
				);
				MARKETING_VERSION = 1.0;
				PRODUCT_BUNDLE_IDENTIFIER = ETU.SpaceXInfo;
				PRODUCT_NAME = "$(TARGET_NAME)";
				SWIFT_EMIT_LOC_STRINGS = YES;
				SWIFT_VERSION = 5.0;
				TARGETED_DEVICE_FAMILY = "1,2";
			};
			name = Debug;
		};
		CC99E9142836D84A007D3171 /* Release */ = {
			isa = XCBuildConfiguration;
			buildSettings = {
				ASSETCATALOG_COMPILER_APPICON_NAME = AppIcon;
				ASSETCATALOG_COMPILER_GLOBAL_ACCENT_COLOR_NAME = AccentColor;
				CODE_SIGN_STYLE = Automatic;
				CURRENT_PROJECT_VERSION = 1;
				DEVELOPMENT_ASSET_PATHS = "\"SpaceXInfo/Preview Content\"";
				DEVELOPMENT_TEAM = YUZLMRGGBB;
				ENABLE_PREVIEWS = YES;
				GENERATE_INFOPLIST_FILE = YES;
				INFOPLIST_KEY_UIApplicationSceneManifest_Generation = YES;
				INFOPLIST_KEY_UIApplicationSupportsIndirectInputEvents = YES;
				INFOPLIST_KEY_UILaunchScreen_Generation = YES;
				INFOPLIST_KEY_UISupportedInterfaceOrientations_iPad = "UIInterfaceOrientationPortrait UIInterfaceOrientationPortraitUpsideDown UIInterfaceOrientationLandscapeLeft UIInterfaceOrientationLandscapeRight";
				INFOPLIST_KEY_UISupportedInterfaceOrientations_iPhone = "UIInterfaceOrientationPortrait UIInterfaceOrientationLandscapeLeft UIInterfaceOrientationLandscapeRight";
				IPHONEOS_DEPLOYMENT_TARGET = 15.0;
				LD_RUNPATH_SEARCH_PATHS = (
					"$(inherited)",
					"@executable_path/Frameworks",
				);
				MARKETING_VERSION = 1.0;
				PRODUCT_BUNDLE_IDENTIFIER = ETU.SpaceXInfo;
				PRODUCT_NAME = "$(TARGET_NAME)";
				SWIFT_EMIT_LOC_STRINGS = YES;
				SWIFT_VERSION = 5.0;
				TARGETED_DEVICE_FAMILY = "1,2";
			};
			name = Release;
		};
		CC99E9162836D84A007D3171 /* Debug */ = {
			isa = XCBuildConfiguration;
			buildSettings = {
				ALWAYS_EMBED_SWIFT_STANDARD_LIBRARIES = YES;
				BUNDLE_LOADER = "$(TEST_HOST)";
				CODE_SIGN_STYLE = Automatic;
				CURRENT_PROJECT_VERSION = 1;
				DEVELOPMENT_TEAM = YUZLMRGGBB;
				GENERATE_INFOPLIST_FILE = YES;
				IPHONEOS_DEPLOYMENT_TARGET = 15.5;
				MARKETING_VERSION = 1.0;
				PRODUCT_BUNDLE_IDENTIFIER = ETU.SpaceXInfoTests;
				PRODUCT_NAME = "$(TARGET_NAME)";
				SWIFT_EMIT_LOC_STRINGS = NO;
				SWIFT_VERSION = 5.0;
				TARGETED_DEVICE_FAMILY = "1,2";
				TEST_HOST = "$(BUILT_PRODUCTS_DIR)/SpaceXInfo.app/SpaceXInfo";
			};
			name = Debug;
		};
		CC99E9172836D84A007D3171 /* Release */ = {
			isa = XCBuildConfiguration;
			buildSettings = {
				ALWAYS_EMBED_SWIFT_STANDARD_LIBRARIES = YES;
				BUNDLE_LOADER = "$(TEST_HOST)";
				CODE_SIGN_STYLE = Automatic;
				CURRENT_PROJECT_VERSION = 1;
				DEVELOPMENT_TEAM = YUZLMRGGBB;
				GENERATE_INFOPLIST_FILE = YES;
				IPHONEOS_DEPLOYMENT_TARGET = 15.5;
				MARKETING_VERSION = 1.0;
				PRODUCT_BUNDLE_IDENTIFIER = ETU.SpaceXInfoTests;
				PRODUCT_NAME = "$(TARGET_NAME)";
				SWIFT_EMIT_LOC_STRINGS = NO;
				SWIFT_VERSION = 5.0;
				TARGETED_DEVICE_FAMILY = "1,2";
				TEST_HOST = "$(BUILT_PRODUCTS_DIR)/SpaceXInfo.app/SpaceXInfo";
			};
			name = Release;
		};
		CC99E9192836D84A007D3171 /* Debug */ = {
			isa = XCBuildConfiguration;
			buildSettings = {
				ALWAYS_EMBED_SWIFT_STANDARD_LIBRARIES = YES;
				CODE_SIGN_STYLE = Automatic;
				CURRENT_PROJECT_VERSION = 1;
				DEVELOPMENT_TEAM = YUZLMRGGBB;
				GENERATE_INFOPLIST_FILE = YES;
				MARKETING_VERSION = 1.0;
				PRODUCT_BUNDLE_IDENTIFIER = ETU.SpaceXInfoUITests;
				PRODUCT_NAME = "$(TARGET_NAME)";
				SWIFT_EMIT_LOC_STRINGS = NO;
				SWIFT_VERSION = 5.0;
				TARGETED_DEVICE_FAMILY = "1,2";
				TEST_TARGET_NAME = SpaceXInfo;
			};
			name = Debug;
		};
		CC99E91A2836D84A007D3171 /* Release */ = {
			isa = XCBuildConfiguration;
			buildSettings = {
				ALWAYS_EMBED_SWIFT_STANDARD_LIBRARIES = YES;
				CODE_SIGN_STYLE = Automatic;
				CURRENT_PROJECT_VERSION = 1;
				DEVELOPMENT_TEAM = YUZLMRGGBB;
				GENERATE_INFOPLIST_FILE = YES;
				MARKETING_VERSION = 1.0;
				PRODUCT_BUNDLE_IDENTIFIER = ETU.SpaceXInfoUITests;
				PRODUCT_NAME = "$(TARGET_NAME)";
				SWIFT_EMIT_LOC_STRINGS = NO;
				SWIFT_VERSION = 5.0;
				TARGETED_DEVICE_FAMILY = "1,2";
				TEST_TARGET_NAME = SpaceXInfo;
			};
			name = Release;
		};
/* End XCBuildConfiguration section */

/* Begin XCConfigurationList section */
		CC99E8E92836D849007D3171 /* Build configuration list for PBXProject "SpaceXInfo" */ = {
			isa = XCConfigurationList;
			buildConfigurations = (
				CC99E9102836D84A007D3171 /* Debug */,
				CC99E9112836D84A007D3171 /* Release */,
			);
			defaultConfigurationIsVisible = 0;
			defaultConfigurationName = Release;
		};
		CC99E9122836D84A007D3171 /* Build configuration list for PBXNativeTarget "SpaceXInfo" */ = {
			isa = XCConfigurationList;
			buildConfigurations = (
				CC99E9132836D84A007D3171 /* Debug */,
				CC99E9142836D84A007D3171 /* Release */,
			);
			defaultConfigurationIsVisible = 0;
			defaultConfigurationName = Release;
		};
		CC99E9152836D84A007D3171 /* Build configuration list for PBXNativeTarget "SpaceXInfoTests" */ = {
			isa = XCConfigurationList;
			buildConfigurations = (
				CC99E9162836D84A007D3171 /* Debug */,
				CC99E9172836D84A007D3171 /* Release */,
			);
			defaultConfigurationIsVisible = 0;
			defaultConfigurationName = Release;
		};
		CC99E9182836D84A007D3171 /* Build configuration list for PBXNativeTarget "SpaceXInfoUITests" */ = {
			isa = XCConfigurationList;
			buildConfigurations = (
				CC99E9192836D84A007D3171 /* Debug */,
				CC99E91A2836D84A007D3171 /* Release */,
			);
			defaultConfigurationIsVisible = 0;
			defaultConfigurationName = Release;
		};
/* End XCConfigurationList section */

/* Begin XCRemoteSwiftPackageReference section */
		CC99E92C2836DA65007D3171 /* XCRemoteSwiftPackageReference "Alamofire" */ = {
			isa = XCRemoteSwiftPackageReference;
			repositoryURL = "https://github.com/Alamofire/Alamofire";
			requirement = {
				branch = master;
				kind = branch;
			};
		};
/* End XCRemoteSwiftPackageReference section */

/* Begin XCSwiftPackageProductDependency section */
		CC99E92D2836DA65007D3171 /* Alamofire */ = {
			isa = XCSwiftPackageProductDependency;
			package = CC99E92C2836DA65007D3171 /* XCRemoteSwiftPackageReference "Alamofire" */;
			productName = Alamofire;
		};
/* End XCSwiftPackageProductDependency section */
	};
	rootObject = CC99E8E62836D849007D3171 /* Project object */;
}
